
Microsoft Visual Studio Solution File, Format Version 12.00
# Visual Studio Version 17
VisualStudioVersion = 17.7.34024.191
MinimumVisualStudioVersion = 10.0.40219.1
Project("{FAE04EC0-301F-11D3-BF4B-00C04F79EFBC}") = "mywebapp", "mywebapp\mywebapp.csproj", "{60849C6D-3CE1-4643-92CE-4EC95F6FE57D}"
EndProject
Global
	GlobalSection(SolutionConfigurationPlatforms) = preSolution
		Debug|Any CPU = Debug|Any CPU
		Release|Any CPU = Release|Any CPU
	EndGlobalSection
	GlobalSection(ProjectConfigurationPlatforms) = postSolution
		{60849C6D-3CE1-4643-92CE-4EC95F6FE57D}.Debug|Any CPU.ActiveCfg = Debug|Any CPU
		{60849C6D-3CE1-4643-92CE-4EC95F6FE57D}.Debug|Any CPU.Build.0 = Debug|Any CPU
		{60849C6D-3CE1-4643-92CE-4EC95F6FE57D}.Release|Any CPU.ActiveCfg = Release|Any CPU
		{60849C6D-3CE1-4643-92CE-4EC95F6FE57D}.Release|Any CPU.Build.0 = Release|Any CPU
	EndGlobalSection
	GlobalSection(SolutionProperties) = preSolution
		HideSolutionNode = FALSE
	EndGlobalSection
	GlobalSection(ExtensibilityGlobals) = postSolution
		SolutionGuid = {EDC65BBB-CFE2-4641-9845-0869D7E6FA6E}
	EndGlobalSection
EndGlobal
